
Microsoft Visual Studio Solution File, Format Version 12.00
# Visual Studio Version 17
VisualStudioVersion = 17.6.33723.286
MinimumVisualStudioVersion = 10.0.40219.1
Project("{FAE04EC0-301F-11D3-BF4B-00C04F79EFBC}") = "FamiComEmulator", "FamiComEmulator\FamiComEmulator.csproj", "{598E3D53-BA3B-4279-AF7D-32EB94B25323}"
EndProject
Global
	GlobalSection(SolutionConfigurationPlatforms) = preSolution
		Debug|Any CPU = Debug|Any CPU
		Release|Any CPU = Release|Any CPU
	EndGlobalSection
	GlobalSection(ProjectConfigurationPlatforms) = postSolution
		{598E3D53-BA3B-4279-AF7D-32EB94B25323}.Debug|Any CPU.ActiveCfg = Debug|Any CPU
		{598E3D53-BA3B-4279-AF7D-32EB94B25323}.Debug|Any CPU.Build.0 = Debug|Any CPU
		{598E3D53-BA3B-4279-AF7D-32EB94B25323}.Release|Any CPU.ActiveCfg = Release|Any CPU
		{598E3D53-BA3B-4279-AF7D-32EB94B25323}.Release|Any CPU.Build.0 = Release|Any CPU
	EndGlobalSection
	GlobalSection(SolutionProperties) = preSolution
		HideSolutionNode = FALSE
	EndGlobalSection
	GlobalSection(ExtensibilityGlobals) = postSolution
		SolutionGuid = {58F64897-B92C-4CA2-A0A9-EF2A4471A42E}
	EndGlobalSection
EndGlobal
